
Microsoft Visual Studio Solution File, Format Version 12.00
# Visual Studio 14
VisualStudioVersion = 14.0.25420.1
MinimumVisualStudioVersion = 10.0.40219.1
Project("{FAE04EC0-301F-11D3-BF4B-00C04F79EFBC}") = "Session8", "Session8\Session8.csproj", "{35CC3055-363F-4C97-B224-90EFEB865B2F}"
EndProject
Project("{FAE04EC0-301F-11D3-BF4B-00C04F79EFBC}") = "Session8Tests", "Session8Tests\Session8Tests.csproj", "{3C1EA3C5-1FE9-4D8B-AACC-CF9C8FFEB8D8}"
EndProject
Global
	GlobalSection(SolutionConfigurationPlatforms) = preSolution
		Debug|Any CPU = Debug|Any CPU
		Release|Any CPU = Release|Any CPU
	EndGlobalSection
	GlobalSection(ProjectConfigurationPlatforms) = postSolution
		{35CC3055-363F-4C97-B224-90EFEB865B2F}.Debug|Any CPU.ActiveCfg = Debug|Any CPU
		{35CC3055-363F-4C97-B224-90EFEB865B2F}.Debug|Any CPU.Build.0 = Debug|Any CPU
		{35CC3055-363F-4C97-B224-90EFEB865B2F}.Release|Any CPU.ActiveCfg = Release|Any CPU
		{35CC3055-363F-4C97-B224-90EFEB865B2F}.Release|Any CPU.Build.0 = Release|Any CPU
		{3C1EA3C5-1FE9-4D8B-AACC-CF9C8FFEB8D8}.Debug|Any CPU.ActiveCfg = Debug|Any CPU
		{3C1EA3C5-1FE9-4D8B-AACC-CF9C8FFEB8D8}.Debug|Any CPU.Build.0 = Debug|Any CPU
		{3C1EA3C5-1FE9-4D8B-AACC-CF9C8FFEB8D8}.Release|Any CPU.ActiveCfg = Release|Any CPU
		{3C1EA3C5-1FE9-4D8B-AACC-CF9C8FFEB8D8}.Release|Any CPU.Build.0 = Release|Any CPU
	EndGlobalSection
	GlobalSection(SolutionProperties) = preSolution
		HideSolutionNode = FALSE
	EndGlobalSection
EndGlobal
